// !$*UTF8*$!
{
	archiveVersion = 1;
	classes = {
	};
	objectVersion = 50;
	objects = {

/* Begin PBXBuildFile section */
		4582FEB121A4375D0010AD62 /* AppDelegate.swift in Sources */ = {isa = PBXBuildFile; fileRef = 4582FEB021A4375D0010AD62 /* AppDelegate.swift */; };
		4582FEB321A4375D0010AD62 /* ViewController.swift in Sources */ = {isa = PBXBuildFile; fileRef = 4582FEB221A4375D0010AD62 /* ViewController.swift */; };
		4582FEB621A4375D0010AD62 /* Main.storyboard in Resources */ = {isa = PBXBuildFile; fileRef = 4582FEB421A4375D0010AD62 /* Main.storyboard */; };
		4582FEB821A4375F0010AD62 /* Assets.xcassets in Resources */ = {isa = PBXBuildFile; fileRef = 4582FEB721A4375F0010AD62 /* Assets.xcassets */; };
		4582FEBB21A4375F0010AD62 /* LaunchScreen.storyboard in Resources */ = {isa = PBXBuildFile; fileRef = 4582FEB921A4375F0010AD62 /* LaunchScreen.storyboard */; };
		4582FEC621A4375F0010AD62 /* JsonDecodeSwift4Vs4_1Tests.swift in Sources */ = {isa = PBXBuildFile; fileRef = 4582FEC521A4375F0010AD62 /* JsonDecodeSwift4Vs4_1Tests.swift */; };
		4582FED121A4375F0010AD62 /* JsonDecodeSwift4Vs4_1UITests.swift in Sources */ = {isa = PBXBuildFile; fileRef = 4582FED021A4375F0010AD62 /* JsonDecodeSwift4Vs4_1UITests.swift */; };
/* End PBXBuildFile section */

/* Begin PBXContainerItemProxy section */
		4582FEC221A4375F0010AD62 /* PBXContainerItemProxy */ = {
			isa = PBXContainerItemProxy;
			containerPortal = 4582FEA521A4375D0010AD62 /* Project object */;
			proxyType = 1;
			remoteGlobalIDString = 4582FEAC21A4375D0010AD62;
			remoteInfo = JsonDecodeSwift4Vs4_1;
		};
		4582FECD21A4375F0010AD62 /* PBXContainerItemProxy */ = {
			isa = PBXContainerItemProxy;
			containerPortal = 4582FEA521A4375D0010AD62 /* Project object */;
			proxyType = 1;
			remoteGlobalIDString = 4582FEAC21A4375D0010AD62;
			remoteInfo = JsonDecodeSwift4Vs4_1;
		};
/* End PBXContainerItemProxy section */

/* Begin PBXFileReference section */
		4582FEAD21A4375D0010AD62 /* JsonDecodeSwift4Vs4_1.app */ = {isa = PBXFileReference; explicitFileType = wrapper.application; includeInIndex = 0; path = JsonDecodeSwift4Vs4_1.app; sourceTree = BUILT_PRODUCTS_DIR; };
		4582FEB021A4375D0010AD62 /* AppDelegate.swift */ = {isa = PBXFileReference; lastKnownFileType = sourcecode.swift; path = AppDelegate.swift; sourceTree = "<group>"; };
		4582FEB221A4375D0010AD62 /* ViewController.swift */ = {isa = PBXFileReference; lastKnownFileType = sourcecode.swift; path = ViewController.swift; sourceTree = "<group>"; };
		4582FEB521A4375D0010AD62 /* Base */ = {isa = PBXFileReference; lastKnownFileType = file.storyboard; name = Base; path = Base.lproj/Main.storyboard; sourceTree = "<group>"; };
		4582FEB721A4375F0010AD62 /* Assets.xcassets */ = {isa = PBXFileReference; lastKnownFileType = folder.assetcatalog; path = Assets.xcassets; sourceTree = "<group>"; };
		4582FEBA21A4375F0010AD62 /* Base */ = {isa = PBXFileReference; lastKnownFileType = file.storyboard; name = Base; path = Base.lproj/LaunchScreen.storyboard; sourceTree = "<group>"; };
		4582FEBC21A4375F0010AD62 /* Info.plist */ = {isa = PBXFileReference; lastKnownFileType = text.plist.xml; path = Info.plist; sourceTree = "<group>"; };
		4582FEC121A4375F0010AD62 /* JsonDecodeSwift4Vs4_1Tests.xctest */ = {isa = PBXFileReference; explicitFileType = wrapper.cfbundle; includeInIndex = 0; path = JsonDecodeSwift4Vs4_1Tests.xctest; sourceTree = BUILT_PRODUCTS_DIR; };
		4582FEC521A4375F0010AD62 /* JsonDecodeSwift4Vs4_1Tests.swift */ = {isa = PBXFileReference; lastKnownFileType = sourcecode.swift; path = JsonDecodeSwift4Vs4_1Tests.swift; sourceTree = "<group>"; };
		4582FEC721A4375F0010AD62 /* Info.plist */ = {isa = PBXFileReference; lastKnownFileType = text.plist.xml; path = Info.plist; sourceTree = "<group>"; };
		4582FECC21A4375F0010AD62 /* JsonDecodeSwift4Vs4_1UITests.xctest */ = {isa = PBXFileReference; explicitFileType = wrapper.cfbundle; includeInIndex = 0; path = JsonDecodeSwift4Vs4_1UITests.xctest; sourceTree = BUILT_PRODUCTS_DIR; };
		4582FED021A4375F0010AD62 /* JsonDecodeSwift4Vs4_1UITests.swift */ = {isa = PBXFileReference; lastKnownFileType = sourcecode.swift; path = JsonDecodeSwift4Vs4_1UITests.swift; sourceTree = "<group>"; };
		4582FED221A4375F0010AD62 /* Info.plist */ = {isa = PBXFileReference; lastKnownFileType = text.plist.xml; path = Info.plist; sourceTree = "<group>"; };
/* End PBXFileReference section */

/* Begin PBXFrameworksBuildPhase section */
		4582FEAA21A4375D0010AD62 /* Frameworks */ = {
			isa = PBXFrameworksBuildPhase;
			buildActionMask = 2147483647;
			files = (
			);
			runOnlyForDeploymentPostprocessing = 0;
		};
		4582FEBE21A4375F0010AD62 /* Frameworks */ = {
			isa = PBXFrameworksBuildPhase;
			buildActionMask = 2147483647;
			files = (
			);
			runOnlyForDeploymentPostprocessing = 0;
		};
		4582FEC921A4375F0010AD62 /* Frameworks */ = {
			isa = PBXFrameworksBuildPhase;
			buildActionMask = 2147483647;
			files = (
			);
			runOnlyForDeploymentPostprocessing = 0;
		};
/* End PBXFrameworksBuildPhase section */

/* Begin PBXGroup section */
		4582FEA421A4375D0010AD62 = {
			isa = PBXGroup;
			children = (
				4582FEAF21A4375D0010AD62 /* JsonDecodeSwift4Vs4_1 */,
				4582FEC421A4375F0010AD62 /* JsonDecodeSwift4Vs4_1Tests */,
				4582FECF21A4375F0010AD62 /* JsonDecodeSwift4Vs4_1UITests */,
				4582FEAE21A4375D0010AD62 /* Products */,
			);
			sourceTree = "<group>";
		};
		4582FEAE21A4375D0010AD62 /* Products */ = {
			isa = PBXGroup;
			children = (
				4582FEAD21A4375D0010AD62 /* JsonDecodeSwift4Vs4_1.app */,
				4582FEC121A4375F0010AD62 /* JsonDecodeSwift4Vs4_1Tests.xctest */,
				4582FECC21A4375F0010AD62 /* JsonDecodeSwift4Vs4_1UITests.xctest */,
			);
			name = Products;
			sourceTree = "<group>";
		};
		4582FEAF21A4375D0010AD62 /* JsonDecodeSwift4Vs4_1 */ = {
			isa = PBXGroup;
			children = (
				4582FEB021A4375D0010AD62 /* AppDelegate.swift */,
				4582FEB221A4375D0010AD62 /* ViewController.swift */,
				4582FEB421A4375D0010AD62 /* Main.storyboard */,
				4582FEB721A4375F0010AD62 /* Assets.xcassets */,
				4582FEB921A4375F0010AD62 /* LaunchScreen.storyboard */,
				4582FEBC21A4375F0010AD62 /* Info.plist */,
			);
			path = JsonDecodeSwift4Vs4_1;
			sourceTree = "<group>";
		};
		4582FEC421A4375F0010AD62 /* JsonDecodeSwift4Vs4_1Tests */ = {
			isa = PBXGroup;
			children = (
				4582FEC521A4375F0010AD62 /* JsonDecodeSwift4Vs4_1Tests.swift */,
				4582FEC721A4375F0010AD62 /* Info.plist */,
			);
			path = JsonDecodeSwift4Vs4_1Tests;
			sourceTree = "<group>";
		};
		4582FECF21A4375F0010AD62 /* JsonDecodeSwift4Vs4_1UITests */ = {
			isa = PBXGroup;
			children = (
				4582FED021A4375F0010AD62 /* JsonDecodeSwift4Vs4_1UITests.swift */,
				4582FED221A4375F0010AD62 /* Info.plist */,
			);
			path = JsonDecodeSwift4Vs4_1UITests;
			sourceTree = "<group>";
		};
/* End PBXGroup section */

/* Begin PBXNativeTarget section */
		4582FEAC21A4375D0010AD62 /* JsonDecodeSwift4Vs4_1 */ = {
			isa = PBXNativeTarget;
			buildConfigurationList = 4582FED521A4375F0010AD62 /* Build configuration list for PBXNativeTarget "JsonDecodeSwift4Vs4_1" */;
			buildPhases = (
				4582FEA921A4375D0010AD62 /* Sources */,
				4582FEAA21A4375D0010AD62 /* Frameworks */,
				4582FEAB21A4375D0010AD62 /* Resources */,
			);
			buildRules = (
			);
			dependencies = (
			);
			name = JsonDecodeSwift4Vs4_1;
			productName = JsonDecodeSwift4Vs4_1;
			productReference = 4582FEAD21A4375D0010AD62 /* JsonDecodeSwift4Vs4_1.app */;
			productType = "com.apple.product-type.application";
		};
		4582FEC021A4375F0010AD62 /* JsonDecodeSwift4Vs4_1Tests */ = {
			isa = PBXNativeTarget;
			buildConfigurationList = 4582FED821A4375F0010AD62 /* Build configuration list for PBXNativeTarget "JsonDecodeSwift4Vs4_1Tests" */;
			buildPhases = (
				4582FEBD21A4375F0010AD62 /* Sources */,
				4582FEBE21A4375F0010AD62 /* Frameworks */,
				4582FEBF21A4375F0010AD62 /* Resources */,
			);
			buildRules = (
			);
			dependencies = (
				4582FEC321A4375F0010AD62 /* PBXTargetDependency */,
			);
			name = JsonDecodeSwift4Vs4_1Tests;
			productName = JsonDecodeSwift4Vs4_1Tests;
			productReference = 4582FEC121A4375F0010AD62 /* JsonDecodeSwift4Vs4_1Tests.xctest */;
			productType = "com.apple.product-type.bundle.unit-test";
		};
		4582FECB21A4375F0010AD62 /* JsonDecodeSwift4Vs4_1UITests */ = {
			isa = PBXNativeTarget;
			buildConfigurationList = 4582FEDB21A4375F0010AD62 /* Build configuration list for PBXNativeTarget "JsonDecodeSwift4Vs4_1UITests" */;
			buildPhases = (
				4582FEC821A4375F0010AD62 /* Sources */,
				4582FEC921A4375F0010AD62 /* Frameworks */,
				4582FECA21A4375F0010AD62 /* Resources */,
			);
			buildRules = (
			);
			dependencies = (
				4582FECE21A4375F0010AD62 /* PBXTargetDependency */,
			);
			name = JsonDecodeSwift4Vs4_1UITests;
			productName = JsonDecodeSwift4Vs4_1UITests;
			productReference = 4582FECC21A4375F0010AD62 /* JsonDecodeSwift4Vs4_1UITests.xctest */;
			productType = "com.apple.product-type.bundle.ui-testing";
		};
/* End PBXNativeTarget section */

/* Begin PBXProject section */
		4582FEA521A4375D0010AD62 /* Project object */ = {
			isa = PBXProject;
			attributes = {
				LastSwiftUpdateCheck = 1010;
				LastUpgradeCheck = 1010;
				ORGANIZATIONNAME = "De La Cruz, Eduardo";
				TargetAttributes = {
					4582FEAC21A4375D0010AD62 = {
						CreatedOnToolsVersion = 10.1;
					};
					4582FEC021A4375F0010AD62 = {
						CreatedOnToolsVersion = 10.1;
						TestTargetID = 4582FEAC21A4375D0010AD62;
					};
					4582FECB21A4375F0010AD62 = {
						CreatedOnToolsVersion = 10.1;
						TestTargetID = 4582FEAC21A4375D0010AD62;
					};
				};
			};
			buildConfigurationList = 4582FEA821A4375D0010AD62 /* Build configuration list for PBXProject "JsonDecodeSwift4Vs4_1" */;
			compatibilityVersion = "Xcode 9.3";
			developmentRegion = en;
			hasScannedForEncodings = 0;
			knownRegions = (
				en,
				Base,
			);
			mainGroup = 4582FEA421A4375D0010AD62;
			productRefGroup = 4582FEAE21A4375D0010AD62 /* Products */;
			projectDirPath = "";
			projectRoot = "";
			targets = (
				4582FEAC21A4375D0010AD62 /* JsonDecodeSwift4Vs4_1 */,
				4582FEC021A4375F0010AD62 /* JsonDecodeSwift4Vs4_1Tests */,
				4582FECB21A4375F0010AD62 /* JsonDecodeSwift4Vs4_1UITests */,
			);
		};
/* End PBXProject section */

/* Begin PBXResourcesBuildPhase section */
		4582FEAB21A4375D0010AD62 /* Resources */ = {
			isa = PBXResourcesBuildPhase;
			buildActionMask = 2147483647;
			files = (
				4582FEBB21A4375F0010AD62 /* LaunchScreen.storyboard in Resources */,
				4582FEB821A4375F0010AD62 /* Assets.xcassets in Resources */,
				4582FEB621A4375D0010AD62 /* Main.storyboard in Resources */,
			);
			runOnlyForDeploymentPostprocessing = 0;
		};
		4582FEBF21A4375F0010AD62 /* Resources */ = {
			isa = PBXResourcesBuildPhase;
			buildActionMask = 2147483647;
			files = (
			);
			runOnlyForDeploymentPostprocessing = 0;
		};
		4582FECA21A4375F0010AD62 /* Resources */ = {
			isa = PBXResourcesBuildPhase;
			buildActionMask = 2147483647;
			files = (
			);
			runOnlyForDeploymentPostprocessing = 0;
		};
/* End PBXResourcesBuildPhase section */

/* Begin PBXSourcesBuildPhase section */
		4582FEA921A4375D0010AD62 /* Sources */ = {
			isa = PBXSourcesBuildPhase;
			buildActionMask = 2147483647;
			files = (
				4582FEB321A4375D0010AD62 /* ViewController.swift in Sources */,
				4582FEB121A4375D0010AD62 /* AppDelegate.swift in Sources */,
			);
			runOnlyForDeploymentPostprocessing = 0;
		};
		4582FEBD21A4375F0010AD62 /* Sources */ = {
			isa = PBXSourcesBuildPhase;
			buildActionMask = 2147483647;
			files = (
				4582FEC621A4375F0010AD62 /* JsonDecodeSwift4Vs4_1Tests.swift in Sources */,
			);
			runOnlyForDeploymentPostprocessing = 0;
		};
		4582FEC821A4375F0010AD62 /* Sources */ = {
			isa = PBXSourcesBuildPhase;
			buildActionMask = 2147483647;
			files = (
				4582FED121A4375F0010AD62 /* JsonDecodeSwift4Vs4_1UITests.swift in Sources */,
			);
			runOnlyForDeploymentPostprocessing = 0;
		};
/* End PBXSourcesBuildPhase section */

/* Begin PBXTargetDependency section */
		4582FEC321A4375F0010AD62 /* PBXTargetDependency */ = {
			isa = PBXTargetDependency;
			target = 4582FEAC21A4375D0010AD62 /* JsonDecodeSwift4Vs4_1 */;
			targetProxy = 4582FEC221A4375F0010AD62 /* PBXContainerItemProxy */;
		};
		4582FECE21A4375F0010AD62 /* PBXTargetDependency */ = {
			isa = PBXTargetDependency;
			target = 4582FEAC21A4375D0010AD62 /* JsonDecodeSwift4Vs4_1 */;
			targetProxy = 4582FECD21A4375F0010AD62 /* PBXContainerItemProxy */;
		};
/* End PBXTargetDependency section */

/* Begin PBXVariantGroup section */
		4582FEB421A4375D0010AD62 /* Main.storyboard */ = {
			isa = PBXVariantGroup;
			children = (
				4582FEB521A4375D0010AD62 /* Base */,
			);
			name = Main.storyboard;
			sourceTree = "<group>";
		};
		4582FEB921A4375F0010AD62 /* LaunchScreen.storyboard */ = {
			isa = PBXVariantGroup;
			children = (
				4582FEBA21A4375F0010AD62 /* Base */,
			);
			name = LaunchScreen.storyboard;
			sourceTree = "<group>";
		};
/* End PBXVariantGroup section */

/* Begin XCBuildConfiguration section */
		4582FED321A4375F0010AD62 /* Debug */ = {
			isa = XCBuildConfiguration;
			buildSettings = {
				ALWAYS_SEARCH_USER_PATHS = NO;
				CLANG_ANALYZER_NONNULL = YES;
				CLANG_ANALYZER_NUMBER_OBJECT_CONVERSION = YES_AGGRESSIVE;
				CLANG_CXX_LANGUAGE_STANDARD = "gnu++14";
				CLANG_CXX_LIBRARY = "libc++";
				CLANG_ENABLE_MODULES = YES;
				CLANG_ENABLE_OBJC_ARC = YES;
				CLANG_ENABLE_OBJC_WEAK = YES;
				CLANG_WARN_BLOCK_CAPTURE_AUTORELEASING = YES;
				CLANG_WARN_BOOL_CONVERSION = YES;
				CLANG_WARN_COMMA = YES;
				CLANG_WARN_CONSTANT_CONVERSION = YES;
				CLANG_WARN_DEPRECATED_OBJC_IMPLEMENTATIONS = YES;
				CLANG_WARN_DIRECT_OBJC_ISA_USAGE = YES_ERROR;
				CLANG_WARN_DOCUMENTATION_COMMENTS = YES;
				CLANG_WARN_EMPTY_BODY = YES;
				CLANG_WARN_ENUM_CONVERSION = YES;
				CLANG_WARN_INFINITE_RECURSION = YES;
				CLANG_WARN_INT_CONVERSION = YES;
				CLANG_WARN_NON_LITERAL_NULL_CONVERSION = YES;
				CLANG_WARN_OBJC_IMPLICIT_RETAIN_SELF = YES;
				CLANG_WARN_OBJC_LITERAL_CONVERSION = YES;
				CLANG_WARN_OBJC_ROOT_CLASS = YES_ERROR;
				CLANG_WARN_RANGE_LOOP_ANALYSIS = YES;
				CLANG_WARN_STRICT_PROTOTYPES = YES;
				CLANG_WARN_SUSPICIOUS_MOVE = YES;
				CLANG_WARN_UNGUARDED_AVAILABILITY = YES_AGGRESSIVE;
				CLANG_WARN_UNREACHABLE_CODE = YES;
				CLANG_WARN__DUPLICATE_METHOD_MATCH = YES;
				CODE_SIGN_IDENTITY = "iPhone Developer";
				COPY_PHASE_STRIP = NO;
				DEBUG_INFORMATION_FORMAT = dwarf;
				ENABLE_STRICT_OBJC_MSGSEND = YES;
				ENABLE_TESTABILITY = YES;
				GCC_C_LANGUAGE_STANDARD = gnu11;
				GCC_DYNAMIC_NO_PIC = NO;
				GCC_NO_COMMON_BLOCKS = YES;
				GCC_OPTIMIZATION_LEVEL = 0;
				GCC_PREPROCESSOR_DEFINITIONS = (
					"DEBUG=1",
					"$(inherited)",
				);
				GCC_WARN_64_TO_32_BIT_CONVERSION = YES;
				GCC_WARN_ABOUT_RETURN_TYPE = YES_ERROR;
				GCC_WARN_UNDECLARED_SELECTOR = YES;
				GCC_WARN_UNINITIALIZED_AUTOS = YES_AGGRESSIVE;
				GCC_WARN_UNUSED_FUNCTION = YES;
				GCC_WARN_UNUSED_VARIABLE = YES;
				IPHONEOS_DEPLOYMENT_TARGET = 12.1;
				MTL_ENABLE_DEBUG_INFO = INCLUDE_SOURCE;
				MTL_FAST_MATH = YES;
				ONLY_ACTIVE_ARCH = YES;
				SDKROOT = iphoneos;
				SWIFT_ACTIVE_COMPILATION_CONDITIONS = DEBUG;
				SWIFT_OPTIMIZATION_LEVEL = "-Onone";
			};
			name = Debug;
		};
		4582FED421A4375F0010AD62 /* Release */ = {
			isa = XCBuildConfiguration;
			buildSettings = {
				ALWAYS_SEARCH_USER_PATHS = NO;
				CLANG_ANALYZER_NONNULL = YES;
				CLANG_ANALYZER_NUMBER_OBJECT_CONVERSION = YES_AGGRESSIVE;
				CLANG_CXX_LANGUAGE_STANDARD = "gnu++14";
				CLANG_CXX_LIBRARY = "libc++";
				CLANG_ENABLE_MODULES = YES;
				CLANG_ENABLE_OBJC_ARC = YES;
				CLANG_ENABLE_OBJC_WEAK = YES;
				CLANG_WARN_BLOCK_CAPTURE_AUTORELEASING = YES;
				CLANG_WARN_BOOL_CONVERSION = YES;
				CLANG_WARN_COMMA = YES;
				CLANG_WARN_CONSTANT_CONVERSION = YES;
				CLANG_WARN_DEPRECATED_OBJC_IMPLEMENTATIONS = YES;
				CLANG_WARN_DIRECT_OBJC_ISA_USAGE = YES_ERROR;
				CLANG_WARN_DOCUMENTATION_COMMENTS = YES;
				CLANG_WARN_EMPTY_BODY = YES;
				CLANG_WARN_ENUM_CONVERSION = YES;
				CLANG_WARN_INFINITE_RECURSION = YES;
				CLANG_WARN_INT_CONVERSION = YES;
				CLANG_WARN_NON_LITERAL_NULL_CONVERSION = YES;
				CLANG_WARN_OBJC_IMPLICIT_RETAIN_SELF = YES;
				CLANG_WARN_OBJC_LITERAL_CONVERSION = YES;
				CLANG_WARN_OBJC_ROOT_CLASS = YES_ERROR;
				CLANG_WARN_RANGE_LOOP_ANALYSIS = YES;
				CLANG_WARN_STRICT_PROTOTYPES = YES;
				CLANG_WARN_SUSPICIOUS_MOVE = YES;
				CLANG_WARN_UNGUARDED_AVAILABILITY = YES_AGGRESSIVE;
				CLANG_WARN_UNREACHABLE_CODE = YES;
				CLANG_WARN__DUPLICATE_METHOD_MATCH = YES;
				CODE_SIGN_IDENTITY = "iPhone Developer";
				COPY_PHASE_STRIP = NO;
				DEBUG_INFORMATION_FORMAT = "dwarf-with-dsym";
				ENABLE_NS_ASSERTIONS = NO;
				ENABLE_STRICT_OBJC_MSGSEND = YES;
				GCC_C_LANGUAGE_STANDARD = gnu11;
				GCC_NO_COMMON_BLOCKS = YES;
				GCC_WARN_64_TO_32_BIT_CONVERSION = YES;
				GCC_WARN_ABOUT_RETURN_TYPE = YES_ERROR;
				GCC_WARN_UNDECLARED_SELECTOR = YES;
				GCC_WARN_UNINITIALIZED_AUTOS = YES_AGGRESSIVE;
				GCC_WARN_UNUSED_FUNCTION = YES;
				GCC_WARN_UNUSED_VARIABLE = YES;
				IPHONEOS_DEPLOYMENT_TARGET = 12.1;
				MTL_ENABLE_DEBUG_INFO = NO;
				MTL_FAST_MATH = YES;
				SDKROOT = iphoneos;
				SWIFT_COMPILATION_MODE = wholemodule;
				SWIFT_OPTIMIZATION_LEVEL = "-O";
				VALIDATE_PRODUCT = YES;
			};
			name = Release;
		};
		4582FED621A4375F0010AD62 /* Debug */ = {
			isa = XCBuildConfiguration;
			buildSettings = {
				ASSETCATALOG_COMPILER_APPICON_NAME = AppIcon;
				CODE_SIGN_STYLE = Automatic;
				DEVELOPMENT_TEAM = 63JNZL9NHF;
				INFOPLIST_FILE = JsonDecodeSwift4Vs4_1/Info.plist;
				LD_RUNPATH_SEARCH_PATHS = (
					"$(inherited)",
					"@executable_path/Frameworks",
				);
				PRODUCT_BUNDLE_IDENTIFIER = "eduardodelacruz.JsonDecodeSwift4Vs4-1";
				PRODUCT_NAME = "$(TARGET_NAME)";
				SWIFT_VERSION = 4.2;
				TARGETED_DEVICE_FAMILY = "1,2";
			};
			name = Debug;
		};
		4582FED721A4375F0010AD62 /* Release */ = {
			isa = XCBuildConfiguration;
			buildSettings = {
				ASSETCATALOG_COMPILER_APPICON_NAME = AppIcon;
				CODE_SIGN_STYLE = Automatic;
				DEVELOPMENT_TEAM = 63JNZL9NHF;
				INFOPLIST_FILE = JsonDecodeSwift4Vs4_1/Info.plist;
				LD_RUNPATH_SEARCH_PATHS = (
					"$(inherited)",
					"@executable_path/Frameworks",
				);
				PRODUCT_BUNDLE_IDENTIFIER = "eduardodelacruz.JsonDecodeSwift4Vs4-1";
				PRODUCT_NAME = "$(TARGET_NAME)";
				SWIFT_VERSION = 4.2;
				TARGETED_DEVICE_FAMILY = "1,2";
			};
			name = Release;
		};
		4582FED921A4375F0010AD62 /* Debug */ = {
			isa = XCBuildConfiguration;
			buildSettings = {
				ALWAYS_EMBED_SWIFT_STANDARD_LIBRARIES = YES;
				BUNDLE_LOADER = "$(TEST_HOST)";
				CODE_SIGN_STYLE = Automatic;
				DEVELOPMENT_TEAM = 63JNZL9NHF;
				INFOPLIST_FILE = JsonDecodeSwift4Vs4_1Tests/Info.plist;
				LD_RUNPATH_SEARCH_PATHS = (
					"$(inherited)",
					"@executable_path/Frameworks",
					"@loader_path/Frameworks",
				);
				PRODUCT_BUNDLE_IDENTIFIER = "eduardodelacruz.JsonDecodeSwift4Vs4-1Tests";
				PRODUCT_NAME = "$(TARGET_NAME)";
				SWIFT_VERSION = 4.2;
				TARGETED_DEVICE_FAMILY = "1,2";
				TEST_HOST = "$(BUILT_PRODUCTS_DIR)/JsonDecodeSwift4Vs4_1.app/JsonDecodeSwift4Vs4_1";
			};
			name = Debug;
		};
		4582FEDA21A4375F0010AD62 /* Release */ = {
			isa = XCBuildConfiguration;
			buildSettings = {
				ALWAYS_EMBED_SWIFT_STANDARD_LIBRARIES = YES;
				BUNDLE_LOADER = "$(TEST_HOST)";
				CODE_SIGN_STYLE = Automatic;
				DEVELOPMENT_TEAM = 63JNZL9NHF;
				INFOPLIST_FILE = JsonDecodeSwift4Vs4_1Tests/Info.plist;
				LD_RUNPATH_SEARCH_PATHS = (
					"$(inherited)",
					"@executable_path/Frameworks",
					"@loader_path/Frameworks",
				);
				PRODUCT_BUNDLE_IDENTIFIER = "eduardodelacruz.JsonDecodeSwift4Vs4-1Tests";
				PRODUCT_NAME = "$(TARGET_NAME)";
				SWIFT_VERSION = 4.2;
				TARGETED_DEVICE_FAMILY = "1,2";
				TEST_HOST = "$(BUILT_PRODUCTS_DIR)/JsonDecodeSwift4Vs4_1.app/JsonDecodeSwift4Vs4_1";
			};
			name = Release;
		};
		4582FEDC21A4375F0010AD62 /* Debug */ = {
			isa = XCBuildConfiguration;
			buildSettings = {
				ALWAYS_EMBED_SWIFT_STANDARD_LIBRARIES = YES;
				CODE_SIGN_STYLE = Automatic;
				DEVELOPMENT_TEAM = 63JNZL9NHF;
				INFOPLIST_FILE = JsonDecodeSwift4Vs4_1UITests/Info.plist;
				LD_RUNPATH_SEARCH_PATHS = (
					"$(inherited)",
					"@executable_path/Frameworks",
					"@loader_path/Frameworks",
				);
				PRODUCT_BUNDLE_IDENTIFIER = "eduardodelacruz.JsonDecodeSwift4Vs4-1UITests";
				PRODUCT_NAME = "$(TARGET_NAME)";
				SWIFT_VERSION = 4.2;
				TARGETED_DEVICE_FAMILY = "1,2";
				TEST_TARGET_NAME = JsonDecodeSwift4Vs4_1;
			};
			name = Debug;
		};
		4582FEDD21A4375F0010AD62 /* Release */ = {
			isa = XCBuildConfiguration;
			buildSettings = {
				ALWAYS_EMBED_SWIFT_STANDARD_LIBRARIES = YES;
				CODE_SIGN_STYLE = Automatic;
				DEVELOPMENT_TEAM = 63JNZL9NHF;
				INFOPLIST_FILE = JsonDecodeSwift4Vs4_1UITests/Info.plist;
				LD_RUNPATH_SEARCH_PATHS = (
					"$(inherited)",
					"@executable_path/Frameworks",
					"@loader_path/Frameworks",
				);
				PRODUCT_BUNDLE_IDENTIFIER = "eduardodelacruz.JsonDecodeSwift4Vs4-1UITests";
				PRODUCT_NAME = "$(TARGET_NAME)";
				SWIFT_VERSION = 4.2;
				TARGETED_DEVICE_FAMILY = "1,2";
				TEST_TARGET_NAME = JsonDecodeSwift4Vs4_1;
			};
			name = Release;
		};
/* End XCBuildConfiguration section */

/* Begin XCConfigurationList section */
		4582FEA821A4375D0010AD62 /* Build configuration list for PBXProject "JsonDecodeSwift4Vs4_1" */ = {
			isa = XCConfigurationList;
			buildConfigurations = (
				4582FED321A4375F0010AD62 /* Debug */,
				4582FED421A4375F0010AD62 /* Release */,
			);
			defaultConfigurationIsVisible = 0;
			defaultConfigurationName = Release;
		};
		4582FED521A4375F0010AD62 /* Build configuration list for PBXNativeTarget "JsonDecodeSwift4Vs4_1" */ = {
			isa = XCConfigurationList;
			buildConfigurations = (
				4582FED621A4375F0010AD62 /* Debug */,
				4582FED721A4375F0010AD62 /* Release */,
			);
			defaultConfigurationIsVisible = 0;
			defaultConfigurationName = Release;
		};
		4582FED821A4375F0010AD62 /* Build configuration list for PBXNativeTarget "JsonDecodeSwift4Vs4_1Tests" */ = {
			isa = XCConfigurationList;
			buildConfigurations = (
				4582FED921A4375F0010AD62 /* Debug */,
				4582FEDA21A4375F0010AD62 /* Release */,
			);
			defaultConfigurationIsVisible = 0;
			defaultConfigurationName = Release;
		};
		4582FEDB21A4375F0010AD62 /* Build configuration list for PBXNativeTarget "JsonDecodeSwift4Vs4_1UITests" */ = {
			isa = XCConfigurationList;
			buildConfigurations = (
				4582FEDC21A4375F0010AD62 /* Debug */,
				4582FEDD21A4375F0010AD62 /* Release */,
			);
			defaultConfigurationIsVisible = 0;
			defaultConfigurationName = Release;
		};
/* End XCConfigurationList section */
	};
	rootObject = 4582FEA521A4375D0010AD62 /* Project object */;
}
